// !$*UTF8*$!
{
	archiveVersion = 1;
	classes = {
	};
	objectVersion = 48;
	objects = {

/* Begin PBXBuildFile section */
		470B027F20A9870D001008E6 /* NotificationViewController.swift in Sources */ = {isa = PBXBuildFile; fileRef = 470B027E20A9870D001008E6 /* NotificationViewController.swift */; };
		470B028120A989E9001008E6 /* NotificationCell.swift in Sources */ = {isa = PBXBuildFile; fileRef = 470B028020A989E9001008E6 /* NotificationCell.swift */; };
		4781933B20A8E389007AD28B /* ProfilePictureCell.swift in Sources */ = {isa = PBXBuildFile; fileRef = 4781933A20A8E389007AD28B /* ProfilePictureCell.swift */; };
		4781933D20A8EABE007AD28B /* GroupDetailsViewController.swift in Sources */ = {isa = PBXBuildFile; fileRef = 4781933C20A8EABE007AD28B /* GroupDetailsViewController.swift */; };
		4781933F20A8F78E007AD28B /* ProfileCarousel.swift in Sources */ = {isa = PBXBuildFile; fileRef = 4781933E20A8F78E007AD28B /* ProfileCarousel.swift */; };
		4781934120A93131007AD28B /* UserSearchController.swift in Sources */ = {isa = PBXBuildFile; fileRef = 4781934020A93131007AD28B /* UserSearchController.swift */; };
		47827D56208F1200005DDE85 /* User.swift in Sources */ = {isa = PBXBuildFile; fileRef = 47827D55208F1200005DDE85 /* User.swift */; };
		47827D58208F1208005DDE85 /* Group.swift in Sources */ = {isa = PBXBuildFile; fileRef = 47827D57208F1208005DDE85 /* Group.swift */; };
		47827D5A208F120E005DDE85 /* Event.swift in Sources */ = {isa = PBXBuildFile; fileRef = 47827D59208F120E005DDE85 /* Event.swift */; };
		47827D5C208F1218005DDE85 /* GroupInvitation.swift in Sources */ = {isa = PBXBuildFile; fileRef = 47827D5B208F1218005DDE85 /* GroupInvitation.swift */; };
		47827D5E208F1220005DDE85 /* EventInvitation.swift in Sources */ = {isa = PBXBuildFile; fileRef = 47827D5D208F1220005DDE85 /* EventInvitation.swift */; };
		47827D60208F19CA005DDE85 /* CompletionBlocks.swift in Sources */ = {isa = PBXBuildFile; fileRef = 47827D5F208F19CA005DDE85 /* CompletionBlocks.swift */; };
		47827D62208F1F18005DDE85 /* Utility.swift in Sources */ = {isa = PBXBuildFile; fileRef = 47827D61208F1F18005DDE85 /* Utility.swift */; };
		47827D64208F232F005DDE85 /* AuthDelegate.swift in Sources */ = {isa = PBXBuildFile; fileRef = 47827D63208F232F005DDE85 /* AuthDelegate.swift */; };
		479CCE8720AA711600453BAC /* UserNotification.swift in Sources */ = {isa = PBXBuildFile; fileRef = 479CCE8620AA711600453BAC /* UserNotification.swift */; };
		47B717AA20900BF0004A7948 /* MyProfileViewController.swift in Sources */ = {isa = PBXBuildFile; fileRef = 47B717A920900BF0004A7948 /* MyProfileViewController.swift */; };
		47B717AC20900F46004A7948 /* DaySegmentedControl.swift in Sources */ = {isa = PBXBuildFile; fileRef = 47B717AB20900F46004A7948 /* DaySegmentedControl.swift */; };
		47B717AE20901831004A7948 /* CalendarView.swift in Sources */ = {isa = PBXBuildFile; fileRef = 47B717AD20901831004A7948 /* CalendarView.swift */; };
		47B717B02091AC44004A7948 /* GGLAPIClient.swift in Sources */ = {isa = PBXBuildFile; fileRef = 47B717AF2091AC44004A7948 /* GGLAPIClient.swift */; };
		47B717B2209325DE004A7948 /* CalendarDateView.swift in Sources */ = {isa = PBXBuildFile; fileRef = 47B717B1209325DE004A7948 /* CalendarDateView.swift */; };
		47B717B4209447F0004A7948 /* Week.swift in Sources */ = {isa = PBXBuildFile; fileRef = 47B717B3209447F0004A7948 /* Week.swift */; };
		47E5A1D72063CB8D0054546D /* Extensions.swift in Sources */ = {isa = PBXBuildFile; fileRef = 47E5A1D62063CB8D0054546D /* Extensions.swift */; };
		96311E1FFD31537036D14469 /* Pods_group_plannerUITests.framework in Frameworks */ = {isa = PBXBuildFile; fileRef = E84CB903DD2E7C955EBD43ED /* Pods_group_plannerUITests.framework */; };
		9D1965F52049187B00A8BEB6 /* AppDelegate.swift in Sources */ = {isa = PBXBuildFile; fileRef = 9D1965F42049187B00A8BEB6 /* AppDelegate.swift */; };
		9D1965FA2049187B00A8BEB6 /* Main.storyboard in Resources */ = {isa = PBXBuildFile; fileRef = 9D1965F82049187B00A8BEB6 /* Main.storyboard */; };
		9D1965FC2049187B00A8BEB6 /* Assets.xcassets in Resources */ = {isa = PBXBuildFile; fileRef = 9D1965FB2049187B00A8BEB6 /* Assets.xcassets */; };
		9D1965FF2049187B00A8BEB6 /* LaunchScreen.storyboard in Resources */ = {isa = PBXBuildFile; fileRef = 9D1965FD2049187B00A8BEB6 /* LaunchScreen.storyboard */; };
		9D19660A2049187B00A8BEB6 /* group_plannerTests.swift in Sources */ = {isa = PBXBuildFile; fileRef = 9D1966092049187B00A8BEB6 /* group_plannerTests.swift */; };
		9D1966152049187B00A8BEB6 /* group_plannerUITests.swift in Sources */ = {isa = PBXBuildFile; fileRef = 9D1966142049187B00A8BEB6 /* group_plannerUITests.swift */; };
		9D2C89BF2096820E009576C4 /* GroupListViewController.swift in Sources */ = {isa = PBXBuildFile; fileRef = 9D2C89BE2096820E009576C4 /* GroupListViewController.swift */; };
		9D2C89C1209682A5009576C4 /* GroupCell.swift in Sources */ = {isa = PBXBuildFile; fileRef = 9D2C89C0209682A5009576C4 /* GroupCell.swift */; };
		9D9F59A2208581E900909D09 /* LoginViewController.swift in Sources */ = {isa = PBXBuildFile; fileRef = 9D9F59A1208581E900909D09 /* LoginViewController.swift */; };
		9DB871A3209D5129002EAA13 /* ResultCell.swift in Sources */ = {isa = PBXBuildFile; fileRef = 9DB871A2209D5129002EAA13 /* ResultCell.swift */; };
		9DD6391320980B2F00DEC8D6 /* CreateGroupViewController.swift in Sources */ = {isa = PBXBuildFile; fileRef = 9DD6391220980B2F00DEC8D6 /* CreateGroupViewController.swift */; };
		B2D56824677F7C7717AA55F4 /* Pods_group_plannerTests.framework in Frameworks */ = {isa = PBXBuildFile; fileRef = 1A1BB677E617D5E7E30A939E /* Pods_group_plannerTests.framework */; };
		C7DC17F36F54D306578558FD /* Pods_group_planner.framework in Frameworks */ = {isa = PBXBuildFile; fileRef = 908C5AFDA979F23F2D3ACDBE /* Pods_group_planner.framework */; };
/* End PBXBuildFile section */

/* Begin PBXContainerItemProxy section */
		9D1966062049187B00A8BEB6 /* PBXContainerItemProxy */ = {
			isa = PBXContainerItemProxy;
			containerPortal = 9D1965E92049187B00A8BEB6 /* Project object */;
			proxyType = 1;
			remoteGlobalIDString = 9D1965F02049187B00A8BEB6;
			remoteInfo = "group-planner";
		};
		9D1966112049187B00A8BEB6 /* PBXContainerItemProxy */ = {
			isa = PBXContainerItemProxy;
			containerPortal = 9D1965E92049187B00A8BEB6 /* Project object */;
			proxyType = 1;
			remoteGlobalIDString = 9D1965F02049187B00A8BEB6;
			remoteInfo = "group-planner";
		};
/* End PBXContainerItemProxy section */

/* Begin PBXFileReference section */
		176AB67B0C0E32821C4557EB /* Pods-group-planner.debug.xcconfig */ = {isa = PBXFileReference; includeInIndex = 1; lastKnownFileType = text.xcconfig; name = "Pods-group-planner.debug.xcconfig"; path = "Pods/Target Support Files/Pods-group-planner/Pods-group-planner.debug.xcconfig"; sourceTree = "<group>"; };
		1A1BB677E617D5E7E30A939E /* Pods_group_plannerTests.framework */ = {isa = PBXFileReference; explicitFileType = wrapper.framework; includeInIndex = 0; path = Pods_group_plannerTests.framework; sourceTree = BUILT_PRODUCTS_DIR; };
		27F73050817DCC3277A39C68 /* Pods-group-plannerTests.release.xcconfig */ = {isa = PBXFileReference; includeInIndex = 1; lastKnownFileType = text.xcconfig; name = "Pods-group-plannerTests.release.xcconfig"; path = "Pods/Target Support Files/Pods-group-plannerTests/Pods-group-plannerTests.release.xcconfig"; sourceTree = "<group>"; };
		470B027E20A9870D001008E6 /* NotificationViewController.swift */ = {isa = PBXFileReference; lastKnownFileType = sourcecode.swift; path = NotificationViewController.swift; sourceTree = "<group>"; };
		470B028020A989E9001008E6 /* NotificationCell.swift */ = {isa = PBXFileReference; lastKnownFileType = sourcecode.swift; path = NotificationCell.swift; sourceTree = "<group>"; };
		4781933A20A8E389007AD28B /* ProfilePictureCell.swift */ = {isa = PBXFileReference; lastKnownFileType = sourcecode.swift; path = ProfilePictureCell.swift; sourceTree = "<group>"; };
		4781933C20A8EABE007AD28B /* GroupDetailsViewController.swift */ = {isa = PBXFileReference; lastKnownFileType = sourcecode.swift; path = GroupDetailsViewController.swift; sourceTree = "<group>"; };
		4781933E20A8F78E007AD28B /* ProfileCarousel.swift */ = {isa = PBXFileReference; lastKnownFileType = sourcecode.swift; path = ProfileCarousel.swift; sourceTree = "<group>"; };
		4781934020A93131007AD28B /* UserSearchController.swift */ = {isa = PBXFileReference; lastKnownFileType = sourcecode.swift; path = UserSearchController.swift; sourceTree = "<group>"; };
		47827D55208F1200005DDE85 /* User.swift */ = {isa = PBXFileReference; lastKnownFileType = sourcecode.swift; path = User.swift; sourceTree = "<group>"; };
		47827D57208F1208005DDE85 /* Group.swift */ = {isa = PBXFileReference; lastKnownFileType = sourcecode.swift; path = Group.swift; sourceTree = "<group>"; };
		47827D59208F120E005DDE85 /* Event.swift */ = {isa = PBXFileReference; lastKnownFileType = sourcecode.swift; path = Event.swift; sourceTree = "<group>"; };
		47827D5B208F1218005DDE85 /* GroupInvitation.swift */ = {isa = PBXFileReference; lastKnownFileType = sourcecode.swift; path = GroupInvitation.swift; sourceTree = "<group>"; };
		47827D5D208F1220005DDE85 /* EventInvitation.swift */ = {isa = PBXFileReference; lastKnownFileType = sourcecode.swift; path = EventInvitation.swift; sourceTree = "<group>"; };
		47827D5F208F19CA005DDE85 /* CompletionBlocks.swift */ = {isa = PBXFileReference; lastKnownFileType = sourcecode.swift; path = CompletionBlocks.swift; sourceTree = "<group>"; };
		47827D61208F1F18005DDE85 /* Utility.swift */ = {isa = PBXFileReference; lastKnownFileType = sourcecode.swift; path = Utility.swift; sourceTree = "<group>"; };
		47827D63208F232F005DDE85 /* AuthDelegate.swift */ = {isa = PBXFileReference; lastKnownFileType = sourcecode.swift; path = AuthDelegate.swift; sourceTree = "<group>"; };
		479CCE8620AA711600453BAC /* UserNotification.swift */ = {isa = PBXFileReference; lastKnownFileType = sourcecode.swift; path = UserNotification.swift; sourceTree = "<group>"; };
		47B717A920900BF0004A7948 /* MyProfileViewController.swift */ = {isa = PBXFileReference; lastKnownFileType = sourcecode.swift; path = MyProfileViewController.swift; sourceTree = "<group>"; };
		47B717AB20900F46004A7948 /* DaySegmentedControl.swift */ = {isa = PBXFileReference; lastKnownFileType = sourcecode.swift; path = DaySegmentedControl.swift; sourceTree = "<group>"; };
		47B717AD20901831004A7948 /* CalendarView.swift */ = {isa = PBXFileReference; lastKnownFileType = sourcecode.swift; path = CalendarView.swift; sourceTree = "<group>"; };
		47B717AF2091AC44004A7948 /* GGLAPIClient.swift */ = {isa = PBXFileReference; lastKnownFileType = sourcecode.swift; path = GGLAPIClient.swift; sourceTree = "<group>"; };
		47B717B1209325DE004A7948 /* CalendarDateView.swift */ = {isa = PBXFileReference; lastKnownFileType = sourcecode.swift; path = CalendarDateView.swift; sourceTree = "<group>"; };
		47B717B3209447F0004A7948 /* Week.swift */ = {isa = PBXFileReference; lastKnownFileType = sourcecode.swift; path = Week.swift; sourceTree = "<group>"; };
		47E5A1D62063CB8D0054546D /* Extensions.swift */ = {isa = PBXFileReference; lastKnownFileType = sourcecode.swift; path = Extensions.swift; sourceTree = "<group>"; };
		8CDD5A57314C656DDC1B5764 /* Pods-group-plannerUITests.release.xcconfig */ = {isa = PBXFileReference; includeInIndex = 1; lastKnownFileType = text.xcconfig; name = "Pods-group-plannerUITests.release.xcconfig"; path = "Pods/Target Support Files/Pods-group-plannerUITests/Pods-group-plannerUITests.release.xcconfig"; sourceTree = "<group>"; };
		908C5AFDA979F23F2D3ACDBE /* Pods_group_planner.framework */ = {isa = PBXFileReference; explicitFileType = wrapper.framework; includeInIndex = 0; path = Pods_group_planner.framework; sourceTree = BUILT_PRODUCTS_DIR; };
		92313F221968EF19CD6CE57C /* Pods-group-planner.release.xcconfig */ = {isa = PBXFileReference; includeInIndex = 1; lastKnownFileType = text.xcconfig; name = "Pods-group-planner.release.xcconfig"; path = "Pods/Target Support Files/Pods-group-planner/Pods-group-planner.release.xcconfig"; sourceTree = "<group>"; };
		9D1965F12049187B00A8BEB6 /* group-planner.app */ = {isa = PBXFileReference; explicitFileType = wrapper.application; includeInIndex = 0; path = "group-planner.app"; sourceTree = BUILT_PRODUCTS_DIR; };
		9D1965F42049187B00A8BEB6 /* AppDelegate.swift */ = {isa = PBXFileReference; lastKnownFileType = sourcecode.swift; path = AppDelegate.swift; sourceTree = "<group>"; };
		9D1965F92049187B00A8BEB6 /* Base */ = {isa = PBXFileReference; lastKnownFileType = file.storyboard; name = Base; path = Base.lproj/Main.storyboard; sourceTree = "<group>"; };
		9D1965FB2049187B00A8BEB6 /* Assets.xcassets */ = {isa = PBXFileReference; lastKnownFileType = folder.assetcatalog; path = Assets.xcassets; sourceTree = "<group>"; };
		9D1965FE2049187B00A8BEB6 /* Base */ = {isa = PBXFileReference; lastKnownFileType = file.storyboard; name = Base; path = Base.lproj/LaunchScreen.storyboard; sourceTree = "<group>"; };
		9D1966002049187B00A8BEB6 /* Info.plist */ = {isa = PBXFileReference; lastKnownFileType = text.plist.xml; path = Info.plist; sourceTree = "<group>"; };
		9D1966052049187B00A8BEB6 /* group-plannerTests.xctest */ = {isa = PBXFileReference; explicitFileType = wrapper.cfbundle; includeInIndex = 0; path = "group-plannerTests.xctest"; sourceTree = BUILT_PRODUCTS_DIR; };
		9D1966092049187B00A8BEB6 /* group_plannerTests.swift */ = {isa = PBXFileReference; lastKnownFileType = sourcecode.swift; path = group_plannerTests.swift; sourceTree = "<group>"; };
		9D19660B2049187B00A8BEB6 /* Info.plist */ = {isa = PBXFileReference; lastKnownFileType = text.plist.xml; path = Info.plist; sourceTree = "<group>"; };
		9D1966102049187B00A8BEB6 /* group-plannerUITests.xctest */ = {isa = PBXFileReference; explicitFileType = wrapper.cfbundle; includeInIndex = 0; path = "group-plannerUITests.xctest"; sourceTree = BUILT_PRODUCTS_DIR; };
		9D1966142049187B00A8BEB6 /* group_plannerUITests.swift */ = {isa = PBXFileReference; lastKnownFileType = sourcecode.swift; path = group_plannerUITests.swift; sourceTree = "<group>"; };
		9D1966162049187B00A8BEB6 /* Info.plist */ = {isa = PBXFileReference; lastKnownFileType = text.plist.xml; path = Info.plist; sourceTree = "<group>"; };
		9D2C89BE2096820E009576C4 /* GroupListViewController.swift */ = {isa = PBXFileReference; lastKnownFileType = sourcecode.swift; path = GroupListViewController.swift; sourceTree = "<group>"; };
		9D2C89C0209682A5009576C4 /* GroupCell.swift */ = {isa = PBXFileReference; lastKnownFileType = sourcecode.swift; path = GroupCell.swift; sourceTree = "<group>"; };
		9D9F59A1208581E900909D09 /* LoginViewController.swift */ = {isa = PBXFileReference; lastKnownFileType = sourcecode.swift; path = LoginViewController.swift; sourceTree = "<group>"; };
		9DB871A2209D5129002EAA13 /* ResultCell.swift */ = {isa = PBXFileReference; lastKnownFileType = sourcecode.swift; path = ResultCell.swift; sourceTree = "<group>"; };
		9DD6391220980B2F00DEC8D6 /* CreateGroupViewController.swift */ = {isa = PBXFileReference; lastKnownFileType = sourcecode.swift; path = CreateGroupViewController.swift; sourceTree = "<group>"; };
		CC5E1B2FFD8DB24E8A3EB2F2 /* Pods-group-plannerTests.debug.xcconfig */ = {isa = PBXFileReference; includeInIndex = 1; lastKnownFileType = text.xcconfig; name = "Pods-group-plannerTests.debug.xcconfig"; path = "Pods/Target Support Files/Pods-group-plannerTests/Pods-group-plannerTests.debug.xcconfig"; sourceTree = "<group>"; };
		E84CB903DD2E7C955EBD43ED /* Pods_group_plannerUITests.framework */ = {isa = PBXFileReference; explicitFileType = wrapper.framework; includeInIndex = 0; path = Pods_group_plannerUITests.framework; sourceTree = BUILT_PRODUCTS_DIR; };
		F98347500922F12B056EA488 /* Pods-group-plannerUITests.debug.xcconfig */ = {isa = PBXFileReference; includeInIndex = 1; lastKnownFileType = text.xcconfig; name = "Pods-group-plannerUITests.debug.xcconfig"; path = "Pods/Target Support Files/Pods-group-plannerUITests/Pods-group-plannerUITests.debug.xcconfig"; sourceTree = "<group>"; };
/* End PBXFileReference section */

/* Begin PBXFrameworksBuildPhase section */
		9D1965EE2049187B00A8BEB6 /* Frameworks */ = {
			isa = PBXFrameworksBuildPhase;
			buildActionMask = 2147483647;
			files = (
				C7DC17F36F54D306578558FD /* Pods_group_planner.framework in Frameworks */,
			);
			runOnlyForDeploymentPostprocessing = 0;
		};
		9D1966022049187B00A8BEB6 /* Frameworks */ = {
			isa = PBXFrameworksBuildPhase;
			buildActionMask = 2147483647;
			files = (
				B2D56824677F7C7717AA55F4 /* Pods_group_plannerTests.framework in Frameworks */,
			);
			runOnlyForDeploymentPostprocessing = 0;
		};
		9D19660D2049187B00A8BEB6 /* Frameworks */ = {
			isa = PBXFrameworksBuildPhase;
			buildActionMask = 2147483647;
			files = (
				96311E1FFD31537036D14469 /* Pods_group_plannerUITests.framework in Frameworks */,
			);
			runOnlyForDeploymentPostprocessing = 0;
		};
/* End PBXFrameworksBuildPhase section */

/* Begin PBXGroup section */
		47A01944208AD17300324491 /* Models */ = {
			isa = PBXGroup;
			children = (
				47827D55208F1200005DDE85 /* User.swift */,
				47827D57208F1208005DDE85 /* Group.swift */,
				47827D59208F120E005DDE85 /* Event.swift */,
				47827D5B208F1218005DDE85 /* GroupInvitation.swift */,
				47827D5D208F1220005DDE85 /* EventInvitation.swift */,
				47827D5F208F19CA005DDE85 /* CompletionBlocks.swift */,
				47B717B3209447F0004A7948 /* Week.swift */,
				479CCE8620AA711600453BAC /* UserNotification.swift */,
			);
			path = Models;
			sourceTree = "<group>";
		};
		47A01945208AD17E00324491 /* ViewControllers */ = {
			isa = PBXGroup;
			children = (
				9D9F59A1208581E900909D09 /* LoginViewController.swift */,
				47B717A920900BF0004A7948 /* MyProfileViewController.swift */,
				9D2C89BE2096820E009576C4 /* GroupListViewController.swift */,
				9DD6391220980B2F00DEC8D6 /* CreateGroupViewController.swift */,
				4781933C20A8EABE007AD28B /* GroupDetailsViewController.swift */,
				4781934020A93131007AD28B /* UserSearchController.swift */,
				470B027E20A9870D001008E6 /* NotificationViewController.swift */,
			);
			path = ViewControllers;
			sourceTree = "<group>";
		};
		47A01946208AD18B00324491 /* NetworkLayer */ = {
			isa = PBXGroup;
			children = (
				47A01944208AD17300324491 /* Models */,
				47827D63208F232F005DDE85 /* AuthDelegate.swift */,
				47B717AF2091AC44004A7948 /* GGLAPIClient.swift */,
			);
			path = NetworkLayer;
			sourceTree = "<group>";
		};
		47A01947208AD91900324491 /* Views */ = {
			isa = PBXGroup;
			children = (
				47B717AB20900F46004A7948 /* DaySegmentedControl.swift */,
				47B717AD20901831004A7948 /* CalendarView.swift */,
				47B717B1209325DE004A7948 /* CalendarDateView.swift */,
				9D2C89C0209682A5009576C4 /* GroupCell.swift */,
				9DB871A2209D5129002EAA13 /* ResultCell.swift */,
				4781933A20A8E389007AD28B /* ProfilePictureCell.swift */,
				4781933E20A8F78E007AD28B /* ProfileCarousel.swift */,
				470B028020A989E9001008E6 /* NotificationCell.swift */,
			);
			path = Views;
			sourceTree = "<group>";
		};
		9D1965E82049187B00A8BEB6 = {
			isa = PBXGroup;
			children = (
				9D1965F32049187B00A8BEB6 /* group-planner */,
				9D1966082049187B00A8BEB6 /* group-plannerTests */,
				9D1966132049187B00A8BEB6 /* group-plannerUITests */,
				9D1965F22049187B00A8BEB6 /* Products */,
				F230F1AA8B9F8CA0291DE9C6 /* Pods */,
				B5EF8CBD0A8F4C8C0F40AFAB /* Frameworks */,
			);
			sourceTree = "<group>";
		};
		9D1965F22049187B00A8BEB6 /* Products */ = {
			isa = PBXGroup;
			children = (
				9D1965F12049187B00A8BEB6 /* group-planner.app */,
				9D1966052049187B00A8BEB6 /* group-plannerTests.xctest */,
				9D1966102049187B00A8BEB6 /* group-plannerUITests.xctest */,
			);
			name = Products;
			sourceTree = "<group>";
		};
		9D1965F32049187B00A8BEB6 /* group-planner */ = {
			isa = PBXGroup;
			children = (
				47A01947208AD91900324491 /* Views */,
				47A01946208AD18B00324491 /* NetworkLayer */,
				47A01945208AD17E00324491 /* ViewControllers */,
				9D1965F42049187B00A8BEB6 /* AppDelegate.swift */,
				9D1965F82049187B00A8BEB6 /* Main.storyboard */,
				9D1965FB2049187B00A8BEB6 /* Assets.xcassets */,
				9D1965FD2049187B00A8BEB6 /* LaunchScreen.storyboard */,
				9D1966002049187B00A8BEB6 /* Info.plist */,
				47E5A1D62063CB8D0054546D /* Extensions.swift */,
				47827D61208F1F18005DDE85 /* Utility.swift */,
			);
			path = "group-planner";
			sourceTree = "<group>";
		};
		9D1966082049187B00A8BEB6 /* group-plannerTests */ = {
			isa = PBXGroup;
			children = (
				9D1966092049187B00A8BEB6 /* group_plannerTests.swift */,
				9D19660B2049187B00A8BEB6 /* Info.plist */,
			);
			path = "group-plannerTests";
			sourceTree = "<group>";
		};
		9D1966132049187B00A8BEB6 /* group-plannerUITests */ = {
			isa = PBXGroup;
			children = (
				9D1966142049187B00A8BEB6 /* group_plannerUITests.swift */,
				9D1966162049187B00A8BEB6 /* Info.plist */,
			);
			path = "group-plannerUITests";
			sourceTree = "<group>";
		};
		B5EF8CBD0A8F4C8C0F40AFAB /* Frameworks */ = {
			isa = PBXGroup;
			children = (
				908C5AFDA979F23F2D3ACDBE /* Pods_group_planner.framework */,
				1A1BB677E617D5E7E30A939E /* Pods_group_plannerTests.framework */,
				E84CB903DD2E7C955EBD43ED /* Pods_group_plannerUITests.framework */,
			);
			name = Frameworks;
			sourceTree = "<group>";
		};
		F230F1AA8B9F8CA0291DE9C6 /* Pods */ = {
			isa = PBXGroup;
			children = (
				176AB67B0C0E32821C4557EB /* Pods-group-planner.debug.xcconfig */,
				92313F221968EF19CD6CE57C /* Pods-group-planner.release.xcconfig */,
				CC5E1B2FFD8DB24E8A3EB2F2 /* Pods-group-plannerTests.debug.xcconfig */,
				27F73050817DCC3277A39C68 /* Pods-group-plannerTests.release.xcconfig */,
				F98347500922F12B056EA488 /* Pods-group-plannerUITests.debug.xcconfig */,
				8CDD5A57314C656DDC1B5764 /* Pods-group-plannerUITests.release.xcconfig */,
			);
			name = Pods;
			sourceTree = "<group>";
		};
/* End PBXGroup section */

/* Begin PBXNativeTarget section */
		9D1965F02049187B00A8BEB6 /* group-planner */ = {
			isa = PBXNativeTarget;
			buildConfigurationList = 9D1966192049187B00A8BEB6 /* Build configuration list for PBXNativeTarget "group-planner" */;
			buildPhases = (
				CF6B968F80D6CD24F5AAF29D /* [CP] Check Pods Manifest.lock */,
				9D1965ED2049187B00A8BEB6 /* Sources */,
				9D1965EE2049187B00A8BEB6 /* Frameworks */,
				9D1965EF2049187B00A8BEB6 /* Resources */,
				DF5A9C46DFC212F57A9CFA9C /* [CP] Embed Pods Frameworks */,
				66FC31989F1C337295CFC00A /* [CP] Copy Pods Resources */,
			);
			buildRules = (
			);
			dependencies = (
			);
			name = "group-planner";
			productName = "group-planner";
			productReference = 9D1965F12049187B00A8BEB6 /* group-planner.app */;
			productType = "com.apple.product-type.application";
		};
		9D1966042049187B00A8BEB6 /* group-plannerTests */ = {
			isa = PBXNativeTarget;
			buildConfigurationList = 9D19661C2049187B00A8BEB6 /* Build configuration list for PBXNativeTarget "group-plannerTests" */;
			buildPhases = (
				E064F6000D9A7ADA7A6AE5D3 /* [CP] Check Pods Manifest.lock */,
				9D1966012049187B00A8BEB6 /* Sources */,
				9D1966022049187B00A8BEB6 /* Frameworks */,
				9D1966032049187B00A8BEB6 /* Resources */,
				B75F171AF7B659706A0F572E /* [CP] Embed Pods Frameworks */,
				2861D3029CC245102BD2CC35 /* [CP] Copy Pods Resources */,
			);
			buildRules = (
			);
			dependencies = (
				9D1966072049187B00A8BEB6 /* PBXTargetDependency */,
			);
			name = "group-plannerTests";
			productName = "group-plannerTests";
			productReference = 9D1966052049187B00A8BEB6 /* group-plannerTests.xctest */;
			productType = "com.apple.product-type.bundle.unit-test";
		};
		9D19660F2049187B00A8BEB6 /* group-plannerUITests */ = {
			isa = PBXNativeTarget;
			buildConfigurationList = 9D19661F2049187B00A8BEB6 /* Build configuration list for PBXNativeTarget "group-plannerUITests" */;
			buildPhases = (
				74D551FD733DAB48755196B5 /* [CP] Check Pods Manifest.lock */,
				9D19660C2049187B00A8BEB6 /* Sources */,
				9D19660D2049187B00A8BEB6 /* Frameworks */,
				9D19660E2049187B00A8BEB6 /* Resources */,
				C0053D4D3E07FF30C4C46547 /* [CP] Embed Pods Frameworks */,
				47AE252FCF4D630DCB7EB5F4 /* [CP] Copy Pods Resources */,
			);
			buildRules = (
			);
			dependencies = (
				9D1966122049187B00A8BEB6 /* PBXTargetDependency */,
			);
			name = "group-plannerUITests";
			productName = "group-plannerUITests";
			productReference = 9D1966102049187B00A8BEB6 /* group-plannerUITests.xctest */;
			productType = "com.apple.product-type.bundle.ui-testing";
		};
/* End PBXNativeTarget section */

/* Begin PBXProject section */
		9D1965E92049187B00A8BEB6 /* Project object */ = {
			isa = PBXProject;
			attributes = {
				LastSwiftUpdateCheck = 0920;
				LastUpgradeCheck = 0920;
				ORGANIZATIONNAME = "Christopher Guan";
				TargetAttributes = {
					9D1965F02049187B00A8BEB6 = {
						CreatedOnToolsVersion = 9.2;
						ProvisioningStyle = Automatic;
					};
					9D1966042049187B00A8BEB6 = {
						CreatedOnToolsVersion = 9.2;
						ProvisioningStyle = Automatic;
						TestTargetID = 9D1965F02049187B00A8BEB6;
					};
					9D19660F2049187B00A8BEB6 = {
						CreatedOnToolsVersion = 9.2;
						ProvisioningStyle = Automatic;
						TestTargetID = 9D1965F02049187B00A8BEB6;
					};
				};
			};
			buildConfigurationList = 9D1965EC2049187B00A8BEB6 /* Build configuration list for PBXProject "group-planner" */;
			compatibilityVersion = "Xcode 8.0";
			developmentRegion = en;
			hasScannedForEncodings = 0;
			knownRegions = (
				en,
				Base,
			);
			mainGroup = 9D1965E82049187B00A8BEB6;
			productRefGroup = 9D1965F22049187B00A8BEB6 /* Products */;
			projectDirPath = "";
			projectRoot = "";
			targets = (
				9D1965F02049187B00A8BEB6 /* group-planner */,
				9D1966042049187B00A8BEB6 /* group-plannerTests */,
				9D19660F2049187B00A8BEB6 /* group-plannerUITests */,
			);
		};
/* End PBXProject section */

/* Begin PBXResourcesBuildPhase section */
		9D1965EF2049187B00A8BEB6 /* Resources */ = {
			isa = PBXResourcesBuildPhase;
			buildActionMask = 2147483647;
			files = (
				9D1965FF2049187B00A8BEB6 /* LaunchScreen.storyboard in Resources */,
				9D1965FC2049187B00A8BEB6 /* Assets.xcassets in Resources */,
				9D1965FA2049187B00A8BEB6 /* Main.storyboard in Resources */,
			);
			runOnlyForDeploymentPostprocessing = 0;
		};
		9D1966032049187B00A8BEB6 /* Resources */ = {
			isa = PBXResourcesBuildPhase;
			buildActionMask = 2147483647;
			files = (
			);
			runOnlyForDeploymentPostprocessing = 0;
		};
		9D19660E2049187B00A8BEB6 /* Resources */ = {
			isa = PBXResourcesBuildPhase;
			buildActionMask = 2147483647;
			files = (
			);
			runOnlyForDeploymentPostprocessing = 0;
		};
/* End PBXResourcesBuildPhase section */

/* Begin PBXShellScriptBuildPhase section */
		2861D3029CC245102BD2CC35 /* [CP] Copy Pods Resources */ = {
			isa = PBXShellScriptBuildPhase;
			buildActionMask = 2147483647;
			files = (
			);
			inputPaths = (
			);
			name = "[CP] Copy Pods Resources";
			outputPaths = (
			);
			runOnlyForDeploymentPostprocessing = 0;
			shellPath = /bin/sh;
			shellScript = "\"${SRCROOT}/Pods/Target Support Files/Pods-group-plannerTests/Pods-group-plannerTests-resources.sh\"\n";
			showEnvVarsInLog = 0;
		};
		47AE252FCF4D630DCB7EB5F4 /* [CP] Copy Pods Resources */ = {
			isa = PBXShellScriptBuildPhase;
			buildActionMask = 2147483647;
			files = (
			);
			inputPaths = (
			);
			name = "[CP] Copy Pods Resources";
			outputPaths = (
			);
			runOnlyForDeploymentPostprocessing = 0;
			shellPath = /bin/sh;
			shellScript = "\"${SRCROOT}/Pods/Target Support Files/Pods-group-plannerUITests/Pods-group-plannerUITests-resources.sh\"\n";
			showEnvVarsInLog = 0;
		};
		66FC31989F1C337295CFC00A /* [CP] Copy Pods Resources */ = {
			isa = PBXShellScriptBuildPhase;
			buildActionMask = 2147483647;
			files = (
			);
			inputPaths = (
				"${SRCROOT}/Pods/Target Support Files/Pods-group-planner/Pods-group-planner-resources.sh",
				"${PODS_ROOT}/GoogleSignIn/Resources/GoogleSignIn.bundle",
			);
			name = "[CP] Copy Pods Resources";
			outputPaths = (
				"${TARGET_BUILD_DIR}/${UNLOCALIZED_RESOURCES_FOLDER_PATH}/GoogleSignIn.bundle",
			);
			runOnlyForDeploymentPostprocessing = 0;
			shellPath = /bin/sh;
			shellScript = "\"${SRCROOT}/Pods/Target Support Files/Pods-group-planner/Pods-group-planner-resources.sh\"\n";
			showEnvVarsInLog = 0;
		};
		74D551FD733DAB48755196B5 /* [CP] Check Pods Manifest.lock */ = {
			isa = PBXShellScriptBuildPhase;
			buildActionMask = 2147483647;
			files = (
			);
			inputPaths = (
				"${PODS_PODFILE_DIR_PATH}/Podfile.lock",
				"${PODS_ROOT}/Manifest.lock",
			);
			name = "[CP] Check Pods Manifest.lock";
			outputPaths = (
				"$(DERIVED_FILE_DIR)/Pods-group-plannerUITests-checkManifestLockResult.txt",
			);
			runOnlyForDeploymentPostprocessing = 0;
			shellPath = /bin/sh;
			shellScript = "diff \"${PODS_PODFILE_DIR_PATH}/Podfile.lock\" \"${PODS_ROOT}/Manifest.lock\" > /dev/null\nif [ $? != 0 ] ; then\n    # print error to STDERR\n    echo \"error: The sandbox is not in sync with the Podfile.lock. Run 'pod install' or update your CocoaPods installation.\" >&2\n    exit 1\nfi\n# This output is used by Xcode 'outputs' to avoid re-running this script phase.\necho \"SUCCESS\" > \"${SCRIPT_OUTPUT_FILE_0}\"\n";
			showEnvVarsInLog = 0;
		};
		B75F171AF7B659706A0F572E /* [CP] Embed Pods Frameworks */ = {
			isa = PBXShellScriptBuildPhase;
			buildActionMask = 2147483647;
			files = (
			);
			inputPaths = (
			);
			name = "[CP] Embed Pods Frameworks";
			outputPaths = (
			);
			runOnlyForDeploymentPostprocessing = 0;
			shellPath = /bin/sh;
			shellScript = "\"${SRCROOT}/Pods/Target Support Files/Pods-group-plannerTests/Pods-group-plannerTests-frameworks.sh\"\n";
			showEnvVarsInLog = 0;
		};
		C0053D4D3E07FF30C4C46547 /* [CP] Embed Pods Frameworks */ = {
			isa = PBXShellScriptBuildPhase;
			buildActionMask = 2147483647;
			files = (
			);
			inputPaths = (
			);
			name = "[CP] Embed Pods Frameworks";
			outputPaths = (
			);
			runOnlyForDeploymentPostprocessing = 0;
			shellPath = /bin/sh;
			shellScript = "\"${SRCROOT}/Pods/Target Support Files/Pods-group-plannerUITests/Pods-group-plannerUITests-frameworks.sh\"\n";
			showEnvVarsInLog = 0;
		};
		CF6B968F80D6CD24F5AAF29D /* [CP] Check Pods Manifest.lock */ = {
			isa = PBXShellScriptBuildPhase;
			buildActionMask = 2147483647;
			files = (
			);
			inputPaths = (
				"${PODS_PODFILE_DIR_PATH}/Podfile.lock",
				"${PODS_ROOT}/Manifest.lock",
			);
			name = "[CP] Check Pods Manifest.lock";
			outputPaths = (
				"$(DERIVED_FILE_DIR)/Pods-group-planner-checkManifestLockResult.txt",
			);
			runOnlyForDeploymentPostprocessing = 0;
			shellPath = /bin/sh;
			shellScript = "diff \"${PODS_PODFILE_DIR_PATH}/Podfile.lock\" \"${PODS_ROOT}/Manifest.lock\" > /dev/null\nif [ $? != 0 ] ; then\n    # print error to STDERR\n    echo \"error: The sandbox is not in sync with the Podfile.lock. Run 'pod install' or update your CocoaPods installation.\" >&2\n    exit 1\nfi\n# This output is used by Xcode 'outputs' to avoid re-running this script phase.\necho \"SUCCESS\" > \"${SCRIPT_OUTPUT_FILE_0}\"\n";
			showEnvVarsInLog = 0;
		};
		DF5A9C46DFC212F57A9CFA9C /* [CP] Embed Pods Frameworks */ = {
			isa = PBXShellScriptBuildPhase;
			buildActionMask = 2147483647;
			files = (
			);
			inputPaths = (
				"${SRCROOT}/Pods/Target Support Files/Pods-group-planner/Pods-group-planner-frameworks.sh",
				"${BUILT_PRODUCTS_DIR}/Alamofire/Alamofire.framework",
				"${BUILT_PRODUCTS_DIR}/AlamofireImage/AlamofireImage.framework",
				"${BUILT_PRODUCTS_DIR}/Bolts/Bolts.framework",
				"${BUILT_PRODUCTS_DIR}/GTMOAuth2/GTMOAuth2.framework",
				"${BUILT_PRODUCTS_DIR}/GTMSessionFetcher/GTMSessionFetcher.framework",
				"${BUILT_PRODUCTS_DIR}/GoogleAPIClientForREST/GoogleAPIClientForREST.framework",
				"${BUILT_PRODUCTS_DIR}/GoogleToolboxForMac/GoogleToolboxForMac.framework",
				"${BUILT_PRODUCTS_DIR}/Parse/Parse.framework",
				"${BUILT_PRODUCTS_DIR}/ParseUI/ParseUI.framework",
				"${BUILT_PRODUCTS_DIR}/Pastel/Pastel.framework",
				"${BUILT_PRODUCTS_DIR}/SkyFloatingLabelTextField/SkyFloatingLabelTextField.framework",
			);
			name = "[CP] Embed Pods Frameworks";
			outputPaths = (
				"${TARGET_BUILD_DIR}/${FRAMEWORKS_FOLDER_PATH}/Alamofire.framework",
				"${TARGET_BUILD_DIR}/${FRAMEWORKS_FOLDER_PATH}/AlamofireImage.framework",
				"${TARGET_BUILD_DIR}/${FRAMEWORKS_FOLDER_PATH}/Bolts.framework",
				"${TARGET_BUILD_DIR}/${FRAMEWORKS_FOLDER_PATH}/GTMOAuth2.framework",
				"${TARGET_BUILD_DIR}/${FRAMEWORKS_FOLDER_PATH}/GTMSessionFetcher.framework",
				"${TARGET_BUILD_DIR}/${FRAMEWORKS_FOLDER_PATH}/GoogleAPIClientForREST.framework",
				"${TARGET_BUILD_DIR}/${FRAMEWORKS_FOLDER_PATH}/GoogleToolboxForMac.framework",
				"${TARGET_BUILD_DIR}/${FRAMEWORKS_FOLDER_PATH}/Parse.framework",
				"${TARGET_BUILD_DIR}/${FRAMEWORKS_FOLDER_PATH}/ParseUI.framework",
				"${TARGET_BUILD_DIR}/${FRAMEWORKS_FOLDER_PATH}/Pastel.framework",
				"${TARGET_BUILD_DIR}/${FRAMEWORKS_FOLDER_PATH}/SkyFloatingLabelTextField.framework",
			);
			runOnlyForDeploymentPostprocessing = 0;
			shellPath = /bin/sh;
			shellScript = "\"${SRCROOT}/Pods/Target Support Files/Pods-group-planner/Pods-group-planner-frameworks.sh\"\n";
			showEnvVarsInLog = 0;
		};
		E064F6000D9A7ADA7A6AE5D3 /* [CP] Check Pods Manifest.lock */ = {
			isa = PBXShellScriptBuildPhase;
			buildActionMask = 2147483647;
			files = (
			);
			inputPaths = (
				"${PODS_PODFILE_DIR_PATH}/Podfile.lock",
				"${PODS_ROOT}/Manifest.lock",
			);
			name = "[CP] Check Pods Manifest.lock";
			outputPaths = (
				"$(DERIVED_FILE_DIR)/Pods-group-plannerTests-checkManifestLockResult.txt",
			);
			runOnlyForDeploymentPostprocessing = 0;
			shellPath = /bin/sh;
			shellScript = "diff \"${PODS_PODFILE_DIR_PATH}/Podfile.lock\" \"${PODS_ROOT}/Manifest.lock\" > /dev/null\nif [ $? != 0 ] ; then\n    # print error to STDERR\n    echo \"error: The sandbox is not in sync with the Podfile.lock. Run 'pod install' or update your CocoaPods installation.\" >&2\n    exit 1\nfi\n# This output is used by Xcode 'outputs' to avoid re-running this script phase.\necho \"SUCCESS\" > \"${SCRIPT_OUTPUT_FILE_0}\"\n";
			showEnvVarsInLog = 0;
		};
/* End PBXShellScriptBuildPhase section */

/* Begin PBXSourcesBuildPhase section */
		9D1965ED2049187B00A8BEB6 /* Sources */ = {
			isa = PBXSourcesBuildPhase;
			buildActionMask = 2147483647;
			files = (
				9D9F59A2208581E900909D09 /* LoginViewController.swift in Sources */,
				47827D64208F232F005DDE85 /* AuthDelegate.swift in Sources */,
				47827D5C208F1218005DDE85 /* GroupInvitation.swift in Sources */,
				47827D62208F1F18005DDE85 /* Utility.swift in Sources */,
				4781933B20A8E389007AD28B /* ProfilePictureCell.swift in Sources */,
				4781934120A93131007AD28B /* UserSearchController.swift in Sources */,
				47B717B2209325DE004A7948 /* CalendarDateView.swift in Sources */,
				9DB871A3209D5129002EAA13 /* ResultCell.swift in Sources */,
				4781933D20A8EABE007AD28B /* GroupDetailsViewController.swift in Sources */,
				47827D5E208F1220005DDE85 /* EventInvitation.swift in Sources */,
				470B028120A989E9001008E6 /* NotificationCell.swift in Sources */,
				9D2C89BF2096820E009576C4 /* GroupListViewController.swift in Sources */,
				47E5A1D72063CB8D0054546D /* Extensions.swift in Sources */,
				47B717AA20900BF0004A7948 /* MyProfileViewController.swift in Sources */,
				9D2C89C1209682A5009576C4 /* GroupCell.swift in Sources */,
				479CCE8720AA711600453BAC /* UserNotification.swift in Sources */,
				9DD6391320980B2F00DEC8D6 /* CreateGroupViewController.swift in Sources */,
				47827D58208F1208005DDE85 /* Group.swift in Sources */,
				47B717AE20901831004A7948 /* CalendarView.swift in Sources */,
				47B717B02091AC44004A7948 /* GGLAPIClient.swift in Sources */,
				47827D56208F1200005DDE85 /* User.swift in Sources */,
				47827D60208F19CA005DDE85 /* CompletionBlocks.swift in Sources */,
				47B717B4209447F0004A7948 /* Week.swift in Sources */,
				47827D5A208F120E005DDE85 /* Event.swift in Sources */,
				470B027F20A9870D001008E6 /* NotificationViewController.swift in Sources */,
				47B717AC20900F46004A7948 /* DaySegmentedControl.swift in Sources */,
				9D1965F52049187B00A8BEB6 /* AppDelegate.swift in Sources */,
				4781933F20A8F78E007AD28B /* ProfileCarousel.swift in Sources */,
			);
			runOnlyForDeploymentPostprocessing = 0;
		};
		9D1966012049187B00A8BEB6 /* Sources */ = {
			isa = PBXSourcesBuildPhase;
			buildActionMask = 2147483647;
			files = (
				9D19660A2049187B00A8BEB6 /* group_plannerTests.swift in Sources */,
			);
			runOnlyForDeploymentPostprocessing = 0;
		};
		9D19660C2049187B00A8BEB6 /* Sources */ = {
			isa = PBXSourcesBuildPhase;
			buildActionMask = 2147483647;
			files = (
				9D1966152049187B00A8BEB6 /* group_plannerUITests.swift in Sources */,
			);
			runOnlyForDeploymentPostprocessing = 0;
		};
/* End PBXSourcesBuildPhase section */

/* Begin PBXTargetDependency section */
		9D1966072049187B00A8BEB6 /* PBXTargetDependency */ = {
			isa = PBXTargetDependency;
			target = 9D1965F02049187B00A8BEB6 /* group-planner */;
			targetProxy = 9D1966062049187B00A8BEB6 /* PBXContainerItemProxy */;
		};
		9D1966122049187B00A8BEB6 /* PBXTargetDependency */ = {
			isa = PBXTargetDependency;
			target = 9D1965F02049187B00A8BEB6 /* group-planner */;
			targetProxy = 9D1966112049187B00A8BEB6 /* PBXContainerItemProxy */;
		};
/* End PBXTargetDependency section */

/* Begin PBXVariantGroup section */
		9D1965F82049187B00A8BEB6 /* Main.storyboard */ = {
			isa = PBXVariantGroup;
			children = (
				9D1965F92049187B00A8BEB6 /* Base */,
			);
			name = Main.storyboard;
			sourceTree = "<group>";
		};
		9D1965FD2049187B00A8BEB6 /* LaunchScreen.storyboard */ = {
			isa = PBXVariantGroup;
			children = (
				9D1965FE2049187B00A8BEB6 /* Base */,
			);
			name = LaunchScreen.storyboard;
			sourceTree = "<group>";
		};
/* End PBXVariantGroup section */

/* Begin XCBuildConfiguration section */
		9D1966172049187B00A8BEB6 /* Debug */ = {
			isa = XCBuildConfiguration;
			buildSettings = {
				ALWAYS_SEARCH_USER_PATHS = NO;
				CLANG_ANALYZER_NONNULL = YES;
				CLANG_ANALYZER_NUMBER_OBJECT_CONVERSION = YES_AGGRESSIVE;
				CLANG_CXX_LANGUAGE_STANDARD = "gnu++14";
				CLANG_CXX_LIBRARY = "libc++";
				CLANG_ENABLE_MODULES = YES;
				CLANG_ENABLE_OBJC_ARC = YES;
				CLANG_WARN_BLOCK_CAPTURE_AUTORELEASING = YES;
				CLANG_WARN_BOOL_CONVERSION = YES;
				CLANG_WARN_COMMA = YES;
				CLANG_WARN_CONSTANT_CONVERSION = YES;
				CLANG_WARN_DIRECT_OBJC_ISA_USAGE = YES_ERROR;
				CLANG_WARN_DOCUMENTATION_COMMENTS = YES;
				CLANG_WARN_EMPTY_BODY = YES;
				CLANG_WARN_ENUM_CONVERSION = YES;
				CLANG_WARN_INFINITE_RECURSION = YES;
				CLANG_WARN_INT_CONVERSION = YES;
				CLANG_WARN_NON_LITERAL_NULL_CONVERSION = YES;
				CLANG_WARN_OBJC_LITERAL_CONVERSION = YES;
				CLANG_WARN_OBJC_ROOT_CLASS = YES_ERROR;
				CLANG_WARN_RANGE_LOOP_ANALYSIS = YES;
				CLANG_WARN_STRICT_PROTOTYPES = YES;
				CLANG_WARN_SUSPICIOUS_MOVE = YES;
				CLANG_WARN_UNGUARDED_AVAILABILITY = YES_AGGRESSIVE;
				CLANG_WARN_UNREACHABLE_CODE = YES;
				CLANG_WARN__DUPLICATE_METHOD_MATCH = YES;
				CODE_SIGN_IDENTITY = "iPhone Developer";
				COPY_PHASE_STRIP = NO;
				DEBUG_INFORMATION_FORMAT = dwarf;
				ENABLE_STRICT_OBJC_MSGSEND = YES;
				ENABLE_TESTABILITY = YES;
				GCC_C_LANGUAGE_STANDARD = gnu11;
				GCC_DYNAMIC_NO_PIC = NO;
				GCC_NO_COMMON_BLOCKS = YES;
				GCC_OPTIMIZATION_LEVEL = 0;
				GCC_PREPROCESSOR_DEFINITIONS = (
					"DEBUG=1",
					"$(inherited)",
				);
				GCC_WARN_64_TO_32_BIT_CONVERSION = YES;
				GCC_WARN_ABOUT_RETURN_TYPE = YES_ERROR;
				GCC_WARN_UNDECLARED_SELECTOR = YES;
				GCC_WARN_UNINITIALIZED_AUTOS = YES_AGGRESSIVE;
				GCC_WARN_UNUSED_FUNCTION = YES;
				GCC_WARN_UNUSED_VARIABLE = YES;
				IPHONEOS_DEPLOYMENT_TARGET = 11.2;
				MTL_ENABLE_DEBUG_INFO = YES;
				ONLY_ACTIVE_ARCH = YES;
				SDKROOT = iphoneos;
				SWIFT_ACTIVE_COMPILATION_CONDITIONS = DEBUG;
				SWIFT_OPTIMIZATION_LEVEL = "-Onone";
			};
			name = Debug;
		};
		9D1966182049187B00A8BEB6 /* Release */ = {
			isa = XCBuildConfiguration;
			buildSettings = {
				ALWAYS_SEARCH_USER_PATHS = NO;
				CLANG_ANALYZER_NONNULL = YES;
				CLANG_ANALYZER_NUMBER_OBJECT_CONVERSION = YES_AGGRESSIVE;
				CLANG_CXX_LANGUAGE_STANDARD = "gnu++14";
				CLANG_CXX_LIBRARY = "libc++";
				CLANG_ENABLE_MODULES = YES;
				CLANG_ENABLE_OBJC_ARC = YES;
				CLANG_WARN_BLOCK_CAPTURE_AUTORELEASING = YES;
				CLANG_WARN_BOOL_CONVERSION = YES;
				CLANG_WARN_COMMA = YES;
				CLANG_WARN_CONSTANT_CONVERSION = YES;
				CLANG_WARN_DIRECT_OBJC_ISA_USAGE = YES_ERROR;
				CLANG_WARN_DOCUMENTATION_COMMENTS = YES;
				CLANG_WARN_EMPTY_BODY = YES;
				CLANG_WARN_ENUM_CONVERSION = YES;
				CLANG_WARN_INFINITE_RECURSION = YES;
				CLANG_WARN_INT_CONVERSION = YES;
				CLANG_WARN_NON_LITERAL_NULL_CONVERSION = YES;
				CLANG_WARN_OBJC_LITERAL_CONVERSION = YES;
				CLANG_WARN_OBJC_ROOT_CLASS = YES_ERROR;
				CLANG_WARN_RANGE_LOOP_ANALYSIS = YES;
				CLANG_WARN_STRICT_PROTOTYPES = YES;
				CLANG_WARN_SUSPICIOUS_MOVE = YES;
				CLANG_WARN_UNGUARDED_AVAILABILITY = YES_AGGRESSIVE;
				CLANG_WARN_UNREACHABLE_CODE = YES;
				CLANG_WARN__DUPLICATE_METHOD_MATCH = YES;
				CODE_SIGN_IDENTITY = "iPhone Developer";
				COPY_PHASE_STRIP = NO;
				DEBUG_INFORMATION_FORMAT = "dwarf-with-dsym";
				ENABLE_NS_ASSERTIONS = NO;
				ENABLE_STRICT_OBJC_MSGSEND = YES;
				GCC_C_LANGUAGE_STANDARD = gnu11;
				GCC_NO_COMMON_BLOCKS = YES;
				GCC_WARN_64_TO_32_BIT_CONVERSION = YES;
				GCC_WARN_ABOUT_RETURN_TYPE = YES_ERROR;
				GCC_WARN_UNDECLARED_SELECTOR = YES;
				GCC_WARN_UNINITIALIZED_AUTOS = YES_AGGRESSIVE;
				GCC_WARN_UNUSED_FUNCTION = YES;
				GCC_WARN_UNUSED_VARIABLE = YES;
				IPHONEOS_DEPLOYMENT_TARGET = 11.2;
				MTL_ENABLE_DEBUG_INFO = NO;
				SDKROOT = iphoneos;
				SWIFT_OPTIMIZATION_LEVEL = "-Owholemodule";
				VALIDATE_PRODUCT = YES;
			};
			name = Release;
		};
		9D19661A2049187B00A8BEB6 /* Debug */ = {
			isa = XCBuildConfiguration;
			baseConfigurationReference = 176AB67B0C0E32821C4557EB /* Pods-group-planner.debug.xcconfig */;
			buildSettings = {
				ASSETCATALOG_COMPILER_APPICON_NAME = AppIcon;
				CODE_SIGN_STYLE = Automatic;
				DEVELOPMENT_TEAM = 4B5PEQM7U2;
				INFOPLIST_FILE = "group-planner/Info.plist";
				LD_RUNPATH_SEARCH_PATHS = "$(inherited) @executable_path/Frameworks";
				PRODUCT_BUNDLE_IDENTIFIER = "com.codepath.group-planner";
				PRODUCT_NAME = "$(TARGET_NAME)";
				SWIFT_VERSION = 4.0;
				TARGETED_DEVICE_FAMILY = "1,2";
			};
			name = Debug;
		};
		9D19661B2049187B00A8BEB6 /* Release */ = {
			isa = XCBuildConfiguration;
			baseConfigurationReference = 92313F221968EF19CD6CE57C /* Pods-group-planner.release.xcconfig */;
			buildSettings = {
				ASSETCATALOG_COMPILER_APPICON_NAME = AppIcon;
				CODE_SIGN_STYLE = Automatic;
				DEVELOPMENT_TEAM = 4B5PEQM7U2;
				INFOPLIST_FILE = "group-planner/Info.plist";
				LD_RUNPATH_SEARCH_PATHS = "$(inherited) @executable_path/Frameworks";
				PRODUCT_BUNDLE_IDENTIFIER = "com.codepath.group-planner";
				PRODUCT_NAME = "$(TARGET_NAME)";
				SWIFT_VERSION = 4.0;
				TARGETED_DEVICE_FAMILY = "1,2";
			};
			name = Release;
		};
		9D19661D2049187B00A8BEB6 /* Debug */ = {
			isa = XCBuildConfiguration;
			baseConfigurationReference = CC5E1B2FFD8DB24E8A3EB2F2 /* Pods-group-plannerTests.debug.xcconfig */;
			buildSettings = {
				ALWAYS_EMBED_SWIFT_STANDARD_LIBRARIES = YES;
				BUNDLE_LOADER = "$(TEST_HOST)";
				CODE_SIGN_STYLE = Automatic;
				INFOPLIST_FILE = "group-plannerTests/Info.plist";
				LD_RUNPATH_SEARCH_PATHS = "$(inherited) @executable_path/Frameworks @loader_path/Frameworks";
				PRODUCT_BUNDLE_IDENTIFIER = "com.codepath.group-plannerTests";
				PRODUCT_NAME = "$(TARGET_NAME)";
				SWIFT_VERSION = 4.0;
				TARGETED_DEVICE_FAMILY = "1,2";
				TEST_HOST = "$(BUILT_PRODUCTS_DIR)/group-planner.app/group-planner";
			};
			name = Debug;
		};
		9D19661E2049187B00A8BEB6 /* Release */ = {
			isa = XCBuildConfiguration;
			baseConfigurationReference = 27F73050817DCC3277A39C68 /* Pods-group-plannerTests.release.xcconfig */;
			buildSettings = {
				ALWAYS_EMBED_SWIFT_STANDARD_LIBRARIES = YES;
				BUNDLE_LOADER = "$(TEST_HOST)";
				CODE_SIGN_STYLE = Automatic;
				INFOPLIST_FILE = "group-plannerTests/Info.plist";
				LD_RUNPATH_SEARCH_PATHS = "$(inherited) @executable_path/Frameworks @loader_path/Frameworks";
				PRODUCT_BUNDLE_IDENTIFIER = "com.codepath.group-plannerTests";
				PRODUCT_NAME = "$(TARGET_NAME)";
				SWIFT_VERSION = 4.0;
				TARGETED_DEVICE_FAMILY = "1,2";
				TEST_HOST = "$(BUILT_PRODUCTS_DIR)/group-planner.app/group-planner";
			};
			name = Release;
		};
		9D1966202049187B00A8BEB6 /* Debug */ = {
			isa = XCBuildConfiguration;
			baseConfigurationReference = F98347500922F12B056EA488 /* Pods-group-plannerUITests.debug.xcconfig */;
			buildSettings = {
				ALWAYS_EMBED_SWIFT_STANDARD_LIBRARIES = YES;
				CODE_SIGN_STYLE = Automatic;
				INFOPLIST_FILE = "group-plannerUITests/Info.plist";
				LD_RUNPATH_SEARCH_PATHS = "$(inherited) @executable_path/Frameworks @loader_path/Frameworks";
				PRODUCT_BUNDLE_IDENTIFIER = "com.codepath.group-plannerUITests";
				PRODUCT_NAME = "$(TARGET_NAME)";
				SWIFT_VERSION = 4.0;
				TARGETED_DEVICE_FAMILY = "1,2";
				TEST_TARGET_NAME = "group-planner";
			};
			name = Debug;
		};
		9D1966212049187B00A8BEB6 /* Release */ = {
			isa = XCBuildConfiguration;
			baseConfigurationReference = 8CDD5A57314C656DDC1B5764 /* Pods-group-plannerUITests.release.xcconfig */;
			buildSettings = {
				ALWAYS_EMBED_SWIFT_STANDARD_LIBRARIES = YES;
				CODE_SIGN_STYLE = Automatic;
				INFOPLIST_FILE = "group-plannerUITests/Info.plist";
				LD_RUNPATH_SEARCH_PATHS = "$(inherited) @executable_path/Frameworks @loader_path/Frameworks";
				PRODUCT_BUNDLE_IDENTIFIER = "com.codepath.group-plannerUITests";
				PRODUCT_NAME = "$(TARGET_NAME)";
				SWIFT_VERSION = 4.0;
				TARGETED_DEVICE_FAMILY = "1,2";
				TEST_TARGET_NAME = "group-planner";
			};
			name = Release;
		};
/* End XCBuildConfiguration section */

/* Begin XCConfigurationList section */
		9D1965EC2049187B00A8BEB6 /* Build configuration list for PBXProject "group-planner" */ = {
			isa = XCConfigurationList;
			buildConfigurations = (
				9D1966172049187B00A8BEB6 /* Debug */,
				9D1966182049187B00A8BEB6 /* Release */,
			);
			defaultConfigurationIsVisible = 0;
			defaultConfigurationName = Release;
		};
		9D1966192049187B00A8BEB6 /* Build configuration list for PBXNativeTarget "group-planner" */ = {
			isa = XCConfigurationList;
			buildConfigurations = (
				9D19661A2049187B00A8BEB6 /* Debug */,
				9D19661B2049187B00A8BEB6 /* Release */,
			);
			defaultConfigurationIsVisible = 0;
			defaultConfigurationName = Release;
		};
		9D19661C2049187B00A8BEB6 /* Build configuration list for PBXNativeTarget "group-plannerTests" */ = {
			isa = XCConfigurationList;
			buildConfigurations = (
				9D19661D2049187B00A8BEB6 /* Debug */,
				9D19661E2049187B00A8BEB6 /* Release */,
			);
			defaultConfigurationIsVisible = 0;
			defaultConfigurationName = Release;
		};
		9D19661F2049187B00A8BEB6 /* Build configuration list for PBXNativeTarget "group-plannerUITests" */ = {
			isa = XCConfigurationList;
			buildConfigurations = (
				9D1966202049187B00A8BEB6 /* Debug */,
				9D1966212049187B00A8BEB6 /* Release */,
			);
			defaultConfigurationIsVisible = 0;
			defaultConfigurationName = Release;
		};
/* End XCConfigurationList section */
	};
	rootObject = 9D1965E92049187B00A8BEB6 /* Project object */;
}
